<?xml version="1.0" encoding="utf-8"?>
<Project ToolsVersion="4.0" xmlns="http://schemas.microsoft.com/developer/msbuild/2003">
  <ItemGroup>
    <Filter Include="Source Files">
      <UniqueIdentifier>{4FC737F1-C7A5-4376-A066-2A32D752A2FF}</UniqueIdentifier>
      <Extensions>cpp;c;cc;cxx;c++;cppm;ixx;def;odl;idl;hpj;bat;asm;asmx</Extensions>
    </Filter>
    <Filter Include="Header Files">
      <UniqueIdentifier>{93995380-89BD-4b04-88EB-625FBE52EBFB}</UniqueIdentifier>
      <Extensions>h;hh;hpp;hxx;h++;hm;inl;inc;ipp;xsd</Extensions>
    </Filter>
    <Filter Include="Resource Files">
      <UniqueIdentifier>{67DA6AB6-F800-4c08-8B7A-83BB121AAD01}</UniqueIdentifier>
      <Extensions>rc;ico;cur;bmp;dlg;rc2;rct;bin;rgs;gif;jpg;jpeg;jpe;resx;tiff;tif;png;wav;mfcribbon-ms</Extensions>
    </Filter>
    <Filter Include="Enemies">
      <UniqueIdentifier>{fe8ea417-e198-4a6b-a724-ba28ac860125}</UniqueIdentifier>
    </Filter>
  </ItemGroup>
  <ItemGroup>
    <ClCompile Include="Enemies\Barnacle.cpp">
      <Filter>Enemies</Filter>
    </ClCompile>
    <ClCompile Include="Enemies\EnemyBase.cpp">
      <Filter>Enemies</Filter>
    </ClCompile>
    <ClCompile Include="Enemies\Fish.cpp">
      <Filter>Enemies</Filter>
    </ClCompile>
    <ClCompile Include="Enemies\FlyingEnemy.cpp">
      <Filter>Enemies</Filter>
    </ClCompile>
    <ClCompile Include="Enemies\Ghost.cpp">
      <Filter>Enemies</Filter>
    </ClCompile>
    <ClCompile Include="Enemies\HorizontalEnemy.cpp">
      <Filter>Enemies</Filter>
    </ClCompile>
    <ClCompile Include="Enemies\Snail.cpp">
      <Filter>Enemies</Filter>
    </ClCompile>
    <ClCompile Include="Enemies\Snake.cpp">
      <Filter>Enemies</Filter>
    </ClCompile>
    <ClCompile Include="Enemies\VerticalEnemy.cpp">
      <Filter>Enemies</Filter>
    </ClCompile>
    <ClCompile Include="AssetsManager.cpp">
      <Filter>Source Files</Filter>
    </ClCompile>
    <ClCompile Include="Character.cpp">
      <Filter>Source Files</Filter>
    </ClCompile>
    <ClCompile Include="CoinBox.cpp">
      <Filter>Source Files</Filter>
    </ClCompile>
    <ClCompile Include="CollisionDistances.cpp">
      <Filter>Source Files</Filter>
    </ClCompile>
    <ClCompile Include="EngineBase.cpp">
      <Filter>Source Files</Filter>
    </ClCompile>
    <ClCompile Include="FontData.cpp">
      <Filter>Source Files</Filter>
    </ClCompile>
    <ClCompile Include="FontLoader.cpp">
      <Filter>Source Files</Filter>
    </ClCompile>
    <ClCompile Include="GameMainApp.cpp">
      <Filter>Source Files</Filter>
    </ClCompile>
    <ClCompile Include="ItemBox.cpp">
      <Filter>Source Files</Filter>
    </ClCompile>
    <ClCompile Include="json.cpp">
      <Filter>Source Files</Filter>
    </ClCompile>
    <ClCompile Include="LevelEngine.cpp">
      <Filter>Source Files</Filter>
    </ClCompile>
    <ClCompile Include="LevelHUD.cpp">
      <Filter>Source Files</Filter>
    </ClCompile>
    <ClCompile Include="LevelMap.cpp">
      <Filter>Source Files</Filter>
    </ClCompile>
    <ClCompile Include="LevelUIElementBase.cpp">
      <Filter>Source Files</Filter>
    </ClCompile>
    <ClCompile Include="LiquidsMap.cpp">
      <Filter>Source Files</Filter>
    </ClCompile>
    <ClCompile Include="LogFile.cpp">
      <Filter>Source Files</Filter>
    </ClCompile>
    <ClCompile Include="main.cpp">
      <Filter>Source Files</Filter>
    </ClCompile>
    <ClCompile Include="MovingTile.cpp">
      <Filter>Source Files</Filter>
    </ClCompile>
    <ClCompile Include="MutableObject.cpp">
      <Filter>Source Files</Filter>
    </ClCompile>
    <ClCompile Include="OpeningScreenEngine.cpp">
      <Filter>Source Files</Filter>
    </ClCompile>
    <ClCompile Include="Player.cpp">
      <Filter>Source Files</Filter>
    </ClCompile>
    <ClCompile Include="SelectLevelScreenEngine.cpp">
      <Filter>Source Files</Filter>
    </ClCompile>
    <ClCompile Include="SettingManager.cpp">
      <Filter>Source Files</Filter>
    </ClCompile>
    <ClCompile Include="SpringBoard.cpp">
      <Filter>Source Files</Filter>
    </ClCompile>
    <ClCompile Include="TilesCodes.cpp">
      <Filter>Source Files</Filter>
    </ClCompile>
    <ClCompile Include="UIButtonElement.cpp">
      <Filter>Source Files</Filter>
    </ClCompile>
    <ClCompile Include="UIElementBase.cpp">
      <Filter>Source Files</Filter>
    </ClCompile>
    <ClCompile Include="UITextElement.cpp">
      <Filter>Source Files</Filter>
    </ClCompile>
  </ItemGroup>
  <ItemGroup>
    <ClInclude Include="Enemies\Barnacle.h">
      <Filter>Enemies</Filter>
    </ClInclude>
    <ClInclude Include="Enemies\EnemyBase.h">
      <Filter>Enemies</Filter>
    </ClInclude>
    <ClInclude Include="Enemies\Fish.h">
      <Filter>Enemies</Filter>
    </ClInclude>
    <ClInclude Include="Enemies\FlyingEnemy.h">
      <Filter>Enemies</Filter>
    </ClInclude>
    <ClInclude Include="Enemies\Ghost.h">
      <Filter>Enemies</Filter>
    </ClInclude>
    <ClInclude Include="Enemies\HorizontalEnemy.h">
      <Filter>Enemies</Filter>
    </ClInclude>
    <ClInclude Include="Enemies\Snail.h">
      <Filter>Enemies</Filter>
    </ClInclude>
    <ClInclude Include="Enemies\Snake.h">
      <Filter>Enemies</Filter>
    </ClInclude>
    <ClInclude Include="Enemies\VerticalEnemy.h">
      <Filter>Enemies</Filter>
    </ClInclude>
    <ClInclude Include="AssetsManager.h">
      <Filter>Header Files</Filter>
    </ClInclude>
    <ClInclude Include="Character.h">
      <Filter>Header Files</Filter>
    </ClInclude>
    <ClInclude Include="CoinBox.h">
      <Filter>Header Files</Filter>
    </ClInclude>
    <ClInclude Include="CollisionDistances.h">
      <Filter>Header Files</Filter>
    </ClInclude>
    <ClInclude Include="EngineBase.h">
      <Filter>Header Files</Filter>
    </ClInclude>
    <ClInclude Include="FontData.h">
      <Filter>Header Files</Filter>
    </ClInclude>
    <ClInclude Include="FontLoader.h">
      <Filter>Header Files</Filter>
    </ClInclude>
    <ClInclude Include="framework.h">
      <Filter>Header Files</Filter>
    </ClInclude>
    <ClInclude Include="GameMainApp.h">
      <Filter>Header Files</Filter>
    </ClInclude>
    <ClInclude Include="ItemBox.h">
      <Filter>Header Files</Filter>
    </ClInclude>
    <ClInclude Include="json.h">
      <Filter>Header Files</Filter>
    </ClInclude>
    <ClInclude Include="LevelEngine.h">
      <Filter>Header Files</Filter>
    </ClInclude>
    <ClInclude Include="LevelHUD.h">
      <Filter>Header Files</Filter>
    </ClInclude>
    <ClInclude Include="LevelMap.h">
      <Filter>Header Files</Filter>
    </ClInclude>
    <ClInclude Include="LevelUIElementBase.h">
      <Filter>Header Files</Filter>
    </ClInclude>
    <ClInclude Include="LiquidsMap.h">
      <Filter>Header Files</Filter>
    </ClInclude>
    <ClInclude Include="LogFile.h">
      <Filter>Header Files</Filter>
    </ClInclude>
    <ClInclude Include="MovingTile.h">
      <Filter>Header Files</Filter>
    </ClInclude>
    <ClInclude Include="MutableObject.h">
      <Filter>Header Files</Filter>
    </ClInclude>
    <ClInclude Include="OpeningScreenEngine.h">
      <Filter>Header Files</Filter>
    </ClInclude>
    <ClInclude Include="Player.h">
      <Filter>Header Files</Filter>
    </ClInclude>
    <ClInclude Include="SelectLevelScreenEngine.h">
      <Filter>Header Files</Filter>
    </ClInclude>
    <ClInclude Include="SettingManager.h">
      <Filter>Header Files</Filter>
    </ClInclude>
    <ClInclude Include="SpringBoard.h">
      <Filter>Header Files</Filter>
    </ClInclude>
    <ClInclude Include="targetver.h">
      <Filter>Header Files</Filter>
    </ClInclude>
    <ClInclude Include="TilesCodes.h">
      <Filter>Header Files</Filter>
    </ClInclude>
    <ClInclude Include="UIButtonElement.h">
      <Filter>Header Files</Filter>
    </ClInclude>
    <ClInclude Include="UIElementBase.h">
      <Filter>Header Files</Filter>
    </ClInclude>
    <ClInclude Include="UITextElement.h">
      <Filter>Header Files</Filter>
    </ClInclude>
  </ItemGroup>
</Project>